
Microsoft Visual Studio Solution File, Format Version 12.00
# Visual Studio Version 17
VisualStudioVersion = 17.3.32929.385
MinimumVisualStudioVersion = 10.0.40219.1
Project("{FAE04EC0-301F-11D3-BF4B-00C04F79EFBC}") = "SpeAnaLED", "SpeAnaLED\SpeAnaLED.csproj", "{AE564002-6E24-4718-929B-B79D50CB9519}"
EndProject
Global
	GlobalSection(SolutionConfigurationPlatforms) = preSolution
		Debug|Any CPU = Debug|Any CPU
		Release|Any CPU = Release|Any CPU
	EndGlobalSection
	GlobalSection(ProjectConfigurationPlatforms) = postSolution
		{AE564002-6E24-4718-929B-B79D50CB9519}.Debug|Any CPU.ActiveCfg = Debug|Any CPU
		{AE564002-6E24-4718-929B-B79D50CB9519}.Debug|Any CPU.Build.0 = Debug|Any CPU
		{AE564002-6E24-4718-929B-B79D50CB9519}.Release|Any CPU.ActiveCfg = Release|Any CPU
		{AE564002-6E24-4718-929B-B79D50CB9519}.Release|Any CPU.Build.0 = Release|Any CPU
	EndGlobalSection
	GlobalSection(SolutionProperties) = preSolution
		HideSolutionNode = FALSE
	EndGlobalSection
	GlobalSection(ExtensibilityGlobals) = postSolution
		SolutionGuid = {F2E06A77-4930-4513-A206-BC2E6414ED34}
	EndGlobalSection
EndGlobal
